
Microsoft Visual Studio Solution File, Format Version 12.00
# Visual Studio 15
VisualStudioVersion = 15.0.27428.2002
MinimumVisualStudioVersion = 10.0.40219.1
Project("{FAE04EC0-301F-11D3-BF4B-00C04F79EFBC}") = "ExpensesApp", "ExpensesApp\ExpensesApp.csproj", "{BFF409BA-0B54-48D5-98D8-FC4FDDC078EA}"
EndProject
Project("{FAE04EC0-301F-11D3-BF4B-00C04F79EFBC}") = "BL", "BL\BL.csproj", "{23788A0A-DB6D-4CF6-A25D-6762CF364FF3}"
EndProject
Project("{FAE04EC0-301F-11D3-BF4B-00C04F79EFBC}") = "Common", "Common\Common.csproj", "{D985BA22-7964-40B4-9C36-38823138F771}"
EndProject
Global
	GlobalSection(SolutionConfigurationPlatforms) = preSolution
		Debug|Any CPU = Debug|Any CPU
		Release|Any CPU = Release|Any CPU
	EndGlobalSection
	GlobalSection(ProjectConfigurationPlatforms) = postSolution
		{BFF409BA-0B54-48D5-98D8-FC4FDDC078EA}.Debug|Any CPU.ActiveCfg = Debug|Any CPU
		{BFF409BA-0B54-48D5-98D8-FC4FDDC078EA}.Debug|Any CPU.Build.0 = Debug|Any CPU
		{BFF409BA-0B54-48D5-98D8-FC4FDDC078EA}.Release|Any CPU.ActiveCfg = Release|Any CPU
		{BFF409BA-0B54-48D5-98D8-FC4FDDC078EA}.Release|Any CPU.Build.0 = Release|Any CPU
		{23788A0A-DB6D-4CF6-A25D-6762CF364FF3}.Debug|Any CPU.ActiveCfg = Debug|Any CPU
		{23788A0A-DB6D-4CF6-A25D-6762CF364FF3}.Debug|Any CPU.Build.0 = Debug|Any CPU
		{23788A0A-DB6D-4CF6-A25D-6762CF364FF3}.Release|Any CPU.ActiveCfg = Release|Any CPU
		{23788A0A-DB6D-4CF6-A25D-6762CF364FF3}.Release|Any CPU.Build.0 = Release|Any CPU
		{D985BA22-7964-40B4-9C36-38823138F771}.Debug|Any CPU.ActiveCfg = Debug|Any CPU
		{D985BA22-7964-40B4-9C36-38823138F771}.Debug|Any CPU.Build.0 = Debug|Any CPU
		{D985BA22-7964-40B4-9C36-38823138F771}.Release|Any CPU.ActiveCfg = Release|Any CPU
		{D985BA22-7964-40B4-9C36-38823138F771}.Release|Any CPU.Build.0 = Release|Any CPU
	EndGlobalSection
	GlobalSection(SolutionProperties) = preSolution
		HideSolutionNode = FALSE
	EndGlobalSection
	GlobalSection(ExtensibilityGlobals) = postSolution
		SolutionGuid = {6BFE981C-FD5E-4EE4-A971-106FDBF393F4}
	EndGlobalSection
EndGlobal
